// !$*UTF8*$!
{
	archiveVersion = 1;
	classes = {
	};
	objectVersion = 46;
	objects = {

/* Begin PBXBuildFile section */
		B1C9861C18A9140A00B9BF50 /* Foundation.framework in Frameworks */ = {isa = PBXBuildFile; fileRef = B1C9861B18A9140A00B9BF50 /* Foundation.framework */; };
		B1C9861E18A9140A00B9BF50 /* CoreGraphics.framework in Frameworks */ = {isa = PBXBuildFile; fileRef = B1C9861D18A9140A00B9BF50 /* CoreGraphics.framework */; };
		B1C9862018A9140A00B9BF50 /* UIKit.framework in Frameworks */ = {isa = PBXBuildFile; fileRef = B1C9861F18A9140A00B9BF50 /* UIKit.framework */; };
		B1C9862618A9140A00B9BF50 /* InfoPlist.strings in Resources */ = {isa = PBXBuildFile; fileRef = B1C9862418A9140A00B9BF50 /* InfoPlist.strings */; };
		B1C9862818A9140A00B9BF50 /* main.m in Sources */ = {isa = PBXBuildFile; fileRef = B1C9862718A9140A00B9BF50 /* main.m */; };
		B1C9862C18A9140A00B9BF50 /* AppDelegate.m in Sources */ = {isa = PBXBuildFile; fileRef = B1C9862B18A9140A00B9BF50 /* AppDelegate.m */; };
		B1C9863418A9140A00B9BF50 /* Images.xcassets in Resources */ = {isa = PBXBuildFile; fileRef = B1C9863318A9140A00B9BF50 /* Images.xcassets */; };
		B1C9863B18A9140B00B9BF50 /* XCTest.framework in Frameworks */ = {isa = PBXBuildFile; fileRef = B1C9863A18A9140B00B9BF50 /* XCTest.framework */; };
		B1C9863C18A9140B00B9BF50 /* Foundation.framework in Frameworks */ = {isa = PBXBuildFile; fileRef = B1C9861B18A9140A00B9BF50 /* Foundation.framework */; };
		B1C9863D18A9140B00B9BF50 /* UIKit.framework in Frameworks */ = {isa = PBXBuildFile; fileRef = B1C9861F18A9140A00B9BF50 /* UIKit.framework */; };
		B1C9864518A9140B00B9BF50 /* InfoPlist.strings in Resources */ = {isa = PBXBuildFile; fileRef = B1C9864318A9140B00B9BF50 /* InfoPlist.strings */; };
		B1C9864718A9140B00B9BF50 /* GameEngineTests.m in Sources */ = {isa = PBXBuildFile; fileRef = B1C9864618A9140B00B9BF50 /* GameEngineTests.m */; };
		B1C9866118A9157B00B9BF50 /* BubbleCell.m in Sources */ = {isa = PBXBuildFile; fileRef = B1C9864F18A9157B00B9BF50 /* BubbleCell.m */; };
		B1C9866218A9157B00B9BF50 /* BubbleGameAreaViewLayout.m in Sources */ = {isa = PBXBuildFile; fileRef = B1C9865118A9157B00B9BF50 /* BubbleGameAreaViewLayout.m */; };
		B1C9866318A9157B00B9BF50 /* BubbleModel.m in Sources */ = {isa = PBXBuildFile; fileRef = B1C9865318A9157B00B9BF50 /* BubbleModel.m */; };
		B1C9866718A9157B00B9BF50 /* PopOverTableViewController.m in Sources */ = {isa = PBXBuildFile; fileRef = B1C9865C18A9157B00B9BF50 /* PopOverTableViewController.m */; };
		B1C9866818A9157B00B9BF50 /* GameDesignViewController.m in Sources */ = {isa = PBXBuildFile; fileRef = B1C9865E18A9157B00B9BF50 /* GameDesignViewController.m */; };
		B1C9866918A9157B00B9BF50 /* GameDesignViewController+ViewControllerExtension.m in Sources */ = {isa = PBXBuildFile; fileRef = B1C9866018A9157B00B9BF50 /* GameDesignViewController+ViewControllerExtension.m */; };
		B1C9867218A915F300B9BF50 /* background.png in Resources */ = {isa = PBXBuildFile; fileRef = B1C9866C18A915F300B9BF50 /* background.png */; };
		B1C9867318A915F300B9BF50 /* bubble-blue.png in Resources */ = {isa = PBXBuildFile; fileRef = B1C9866D18A915F300B9BF50 /* bubble-blue.png */; };
		B1C9867418A915F300B9BF50 /* bubble-green.png in Resources */ = {isa = PBXBuildFile; fileRef = B1C9866E18A915F300B9BF50 /* bubble-green.png */; };
		B1C9867518A915F300B9BF50 /* bubble-orange.png in Resources */ = {isa = PBXBuildFile; fileRef = B1C9866F18A915F300B9BF50 /* bubble-orange.png */; };
		B1C9867618A915F300B9BF50 /* bubble-red.png in Resources */ = {isa = PBXBuildFile; fileRef = B1C9867018A915F300B9BF50 /* bubble-red.png */; };
		B1C9867718A915F300B9BF50 /* eraser-1.png in Resources */ = {isa = PBXBuildFile; fileRef = B1C9867118A915F300B9BF50 /* eraser-1.png */; };
		B1C9867A18A9164E00B9BF50 /* Main.storyboard in Resources */ = {isa = PBXBuildFile; fileRef = B1C9867818A9164E00B9BF50 /* Main.storyboard */; };
		B1C9867D18A918A400B9BF50 /* WelcomeViewController.m in Sources */ = {isa = PBXBuildFile; fileRef = B1C9867C18A918A400B9BF50 /* WelcomeViewController.m */; };
		B1C9868218A91A3E00B9BF50 /* AnimateViewController.m in Sources */ = {isa = PBXBuildFile; fileRef = B1C9868118A91A3E00B9BF50 /* AnimateViewController.m */; };
		B1C9868918A91DB200B9BF50 /* GameBubbleCell.m in Sources */ = {isa = PBXBuildFile; fileRef = B1C9868818A91DB200B9BF50 /* GameBubbleCell.m */; };
		B1C9868C18A92A1700B9BF50 /* CircleShape.m in Sources */ = {isa = PBXBuildFile; fileRef = B1C9868B18A92A1700B9BF50 /* CircleShape.m */; };
		B1C9868F18A92A5400B9BF50 /* PhysicsSpace.m in Sources */ = {isa = PBXBuildFile; fileRef = B1C9868E18A92A5400B9BF50 /* PhysicsSpace.m */; };
		B1C9C1BD18ABB1EA0069A5B2 /* GameEngine.m in Sources */ = {isa = PBXBuildFile; fileRef = B1C9C1BC18ABB1EA0069A5B2 /* GameEngine.m */; };
		B1CCB5C318C0685400DE08A4 /* AVSoundPlayer.m in Sources */ = {isa = PBXBuildFile; fileRef = B1CCB5C218C0685400DE08A4 /* AVSoundPlayer.m */; };
		B1CCB5CC18C0A40400DE08A4 /* bg-music-1.mp3 in Resources */ = {isa = PBXBuildFile; fileRef = B1CCB5C718C0A40400DE08A4 /* bg-music-1.mp3 */; };
		B1CCB5CD18C0A40400DE08A4 /* bg-music-2.mp3 in Resources */ = {isa = PBXBuildFile; fileRef = B1CCB5C818C0A40400DE08A4 /* bg-music-2.mp3 */; };
		B1CCB5CE18C0A40400DE08A4 /* bubble-popping.mp3 in Resources */ = {isa = PBXBuildFile; fileRef = B1CCB5C918C0A40400DE08A4 /* bubble-popping.mp3 */; };
		B1CCB5D018C0A40400DE08A4 /* cannon.mp3 in Resources */ = {isa = PBXBuildFile; fileRef = B1CCB5CB18C0A40400DE08A4 /* cannon.mp3 */; };
		B1CCB5D718C0B50F00DE08A4 /* bubble-pink.png in Resources */ = {isa = PBXBuildFile; fileRef = B1CCB5D518C0B50F00DE08A4 /* bubble-pink.png */; };
		B1CCB5DA18C0B5B400DE08A4 /* bubble-colorful.png in Resources */ = {isa = PBXBuildFile; fileRef = B1CCB5D918C0B5B400DE08A4 /* bubble-colorful.png */; };
		B1CCB5DF18C0D3A200DE08A4 /* GameResourcesManager.m in Sources */ = {isa = PBXBuildFile; fileRef = B1CCB5DE18C0D3A200DE08A4 /* GameResourcesManager.m */; };
		B1CCBE1118BBB3B3008E7DDA /* blue-sky.png in Resources */ = {isa = PBXBuildFile; fileRef = B1CCBE0E18BBB3B3008E7DDA /* blue-sky.png */; };
		B1CCBE1618BBB417008E7DDA /* water-sky.png in Resources */ = {isa = PBXBuildFile; fileRef = B1CCBE1418BBB417008E7DDA /* water-sky.png */; };
		B1CCBE1918BBB8A2008E7DDA /* sky.png in Resources */ = {isa = PBXBuildFile; fileRef = B1CCBE1818BBB8A2008E7DDA /* sky.png */; };
		B1CFB11C18C2F2AF009905D8 /* bubble-candy-green.png in Resources */ = {isa = PBXBuildFile; fileRef = B1CFB11A18C2F2AF009905D8 /* bubble-candy-green.png */; };
		B1CFB11D18C2F2AF009905D8 /* bubble-candy-red.png in Resources */ = {isa = PBXBuildFile; fileRef = B1CFB11B18C2F2AF009905D8 /* bubble-candy-red.png */; };
		B1D13E9118B12A1A0098BBB3 /* bubble-bomb.png in Resources */ = {isa = PBXBuildFile; fileRef = B1D13E8918B12A1A0098BBB3 /* bubble-bomb.png */; };
		B1D13E9218B12A1A0098BBB3 /* bubble-burst.png in Resources */ = {isa = PBXBuildFile; fileRef = B1D13E8A18B12A1A0098BBB3 /* bubble-burst.png */; };
		B1D13E9318B12A1A0098BBB3 /* bubble-indestructible.png in Resources */ = {isa = PBXBuildFile; fileRef = B1D13E8B18B12A1A0098BBB3 /* bubble-indestructible.png */; };
		B1D13E9418B12A1A0098BBB3 /* bubble-lightning.png in Resources */ = {isa = PBXBuildFile; fileRef = B1D13E8C18B12A1A0098BBB3 /* bubble-lightning.png */; };
		B1D13E9518B12A1A0098BBB3 /* bubble-star.png in Resources */ = {isa = PBXBuildFile; fileRef = B1D13E8D18B12A1A0098BBB3 /* bubble-star.png */; };
		B1D13E9618B12A1A0098BBB3 /* cannon-base.png in Resources */ = {isa = PBXBuildFile; fileRef = B1D13E8E18B12A1A0098BBB3 /* cannon-base.png */; };
		B1D13E9818B12A1A0098BBB3 /* cannon.png in Resources */ = {isa = PBXBuildFile; fileRef = B1D13E9018B12A1A0098BBB3 /* cannon.png */; };
		B1D13E9B18B12B300098BBB3 /* LevelSelectViewController.m in Sources */ = {isa = PBXBuildFile; fileRef = B1D13E9A18B12B300098BBB3 /* LevelSelectViewController.m */; };
		B1D1C48F18AE6F730000AC43 /* Queue.m in Sources */ = {isa = PBXBuildFile; fileRef = B1D1C48E18AE6F730000AC43 /* Queue.m */; };
		B1DB39EB18BE4722007405D2 /* Level-1.plist in Resources */ = {isa = PBXBuildFile; fileRef = B1DB39E618BE4722007405D2 /* Level-1.plist */; };
		B1DB39EC18BE4722007405D2 /* Level-2.plist in Resources */ = {isa = PBXBuildFile; fileRef = B1DB39E718BE4722007405D2 /* Level-2.plist */; };
		B1DB39ED18BE4722007405D2 /* Level-3.plist in Resources */ = {isa = PBXBuildFile; fileRef = B1DB39E818BE4722007405D2 /* Level-3.plist */; };
		B1EEC42318B3A007002A007B /* BubbleModelsManager.m in Sources */ = {isa = PBXBuildFile; fileRef = B1EEC42218B3A007002A007B /* BubbleModelsManager.m */; };
		B1F387BE18AA623100EFE9AF /* ObjectBody.m in Sources */ = {isa = PBXBuildFile; fileRef = B1F387BD18AA623100EFE9AF /* ObjectBody.m */; };
		B1F387C118AA62C000EFE9AF /* Velocity.m in Sources */ = {isa = PBXBuildFile; fileRef = B1F387C018AA62C000EFE9AF /* Velocity.m */; };
		B1F387DC18AA963C00EFE9AF /* MovableObjectBody.m in Sources */ = {isa = PBXBuildFile; fileRef = B1F387DB18AA963C00EFE9AF /* MovableObjectBody.m */; };
		B1F81F3418C1C59000268A82 /* Level-1.png in Resources */ = {isa = PBXBuildFile; fileRef = B1F81F3118C1C59000268A82 /* Level-1.png */; };
		B1F81F3518C1C59000268A82 /* Level-2.png in Resources */ = {isa = PBXBuildFile; fileRef = B1F81F3218C1C59000268A82 /* Level-2.png */; };
		B1F81F3618C1C59000268A82 /* Level-3.png in Resources */ = {isa = PBXBuildFile; fileRef = B1F81F3318C1C59000268A82 /* Level-3.png */; };
/* End PBXBuildFile section */

/* Begin PBXContainerItemProxy section */
		B1C9863E18A9140B00B9BF50 /* PBXContainerItemProxy */ = {
			isa = PBXContainerItemProxy;
			containerPortal = 0672273F187F9DF600F69DB4 /* Project object */;
			proxyType = 1;
			remoteGlobalIDString = B1C9861718A9140A00B9BF50;
			remoteInfo = GameEngine;
		};
/* End PBXContainerItemProxy section */

/* Begin PBXFileReference section */
		B1C9861818A9140A00B9BF50 /* GameEngine.app */ = {isa = PBXFileReference; explicitFileType = wrapper.application; includeInIndex = 0; path = GameEngine.app; sourceTree = BUILT_PRODUCTS_DIR; };
		B1C9861B18A9140A00B9BF50 /* Foundation.framework */ = {isa = PBXFileReference; lastKnownFileType = wrapper.framework; name = Foundation.framework; path = System/Library/Frameworks/Foundation.framework; sourceTree = SDKROOT; };
		B1C9861D18A9140A00B9BF50 /* CoreGraphics.framework */ = {isa = PBXFileReference; lastKnownFileType = wrapper.framework; name = CoreGraphics.framework; path = System/Library/Frameworks/CoreGraphics.framework; sourceTree = SDKROOT; };
		B1C9861F18A9140A00B9BF50 /* UIKit.framework */ = {isa = PBXFileReference; lastKnownFileType = wrapper.framework; name = UIKit.framework; path = Library/Frameworks/UIKit.framework; sourceTree = DEVELOPER_DIR; };
		B1C9862318A9140A00B9BF50 /* GameEngine-Info.plist */ = {isa = PBXFileReference; lastKnownFileType = text.plist.xml; path = "GameEngine-Info.plist"; sourceTree = "<group>"; };
		B1C9862518A9140A00B9BF50 /* en */ = {isa = PBXFileReference; lastKnownFileType = text.plist.strings; name = en; path = en.lproj/InfoPlist.strings; sourceTree = "<group>"; };
		B1C9862718A9140A00B9BF50 /* main.m */ = {isa = PBXFileReference; lastKnownFileType = sourcecode.c.objc; path = main.m; sourceTree = "<group>"; };
		B1C9862918A9140A00B9BF50 /* GameEngine-Prefix.pch */ = {isa = PBXFileReference; lastKnownFileType = sourcecode.c.h; path = "GameEngine-Prefix.pch"; sourceTree = "<group>"; };
		B1C9862A18A9140A00B9BF50 /* AppDelegate.h */ = {isa = PBXFileReference; lastKnownFileType = sourcecode.c.h; path = AppDelegate.h; sourceTree = "<group>"; };
		B1C9862B18A9140A00B9BF50 /* AppDelegate.m */ = {isa = PBXFileReference; lastKnownFileType = sourcecode.c.objc; path = AppDelegate.m; sourceTree = "<group>"; };
		B1C9863318A9140A00B9BF50 /* Images.xcassets */ = {isa = PBXFileReference; lastKnownFileType = folder.assetcatalog; path = Images.xcassets; sourceTree = "<group>"; };
		B1C9863918A9140B00B9BF50 /* GameEngineTests.xctest */ = {isa = PBXFileReference; explicitFileType = wrapper.cfbundle; includeInIndex = 0; path = GameEngineTests.xctest; sourceTree = BUILT_PRODUCTS_DIR; };
		B1C9863A18A9140B00B9BF50 /* XCTest.framework */ = {isa = PBXFileReference; lastKnownFileType = wrapper.framework; name = XCTest.framework; path = Library/Frameworks/XCTest.framework; sourceTree = DEVELOPER_DIR; };
		B1C9864218A9140B00B9BF50 /* GameEngineTests-Info.plist */ = {isa = PBXFileReference; lastKnownFileType = text.plist.xml; path = "GameEngineTests-Info.plist"; sourceTree = "<group>"; };
		B1C9864418A9140B00B9BF50 /* en */ = {isa = PBXFileReference; lastKnownFileType = text.plist.strings; name = en; path = en.lproj/InfoPlist.strings; sourceTree = "<group>"; };
		B1C9864618A9140B00B9BF50 /* GameEngineTests.m */ = {isa = PBXFileReference; lastKnownFileType = sourcecode.c.objc; path = GameEngineTests.m; sourceTree = "<group>"; };
		B1C9864E18A9157B00B9BF50 /* BubbleCell.h */ = {isa = PBXFileReference; fileEncoding = 4; lastKnownFileType = sourcecode.c.h; path = BubbleCell.h; sourceTree = "<group>"; };
		B1C9864F18A9157B00B9BF50 /* BubbleCell.m */ = {isa = PBXFileReference; fileEncoding = 4; lastKnownFileType = sourcecode.c.objc; path = BubbleCell.m; sourceTree = "<group>"; };
		B1C9865018A9157B00B9BF50 /* BubbleGameAreaViewLayout.h */ = {isa = PBXFileReference; fileEncoding = 4; lastKnownFileType = sourcecode.c.h; path = BubbleGameAreaViewLayout.h; sourceTree = "<group>"; };
		B1C9865118A9157B00B9BF50 /* BubbleGameAreaViewLayout.m */ = {isa = PBXFileReference; fileEncoding = 4; lastKnownFileType = sourcecode.c.objc; path = BubbleGameAreaViewLayout.m; sourceTree = "<group>"; };
		B1C9865218A9157B00B9BF50 /* BubbleModel.h */ = {isa = PBXFileReference; fileEncoding = 4; lastKnownFileType = sourcecode.c.h; path = BubbleModel.h; sourceTree = "<group>"; };
		B1C9865318A9157B00B9BF50 /* BubbleModel.m */ = {isa = PBXFileReference; fileEncoding = 4; lastKnownFileType = sourcecode.c.objc; path = BubbleModel.m; sourceTree = "<group>"; };
		B1C9865A18A9157B00B9BF50 /* PopOverDelegate.h */ = {isa = PBXFileReference; fileEncoding = 4; lastKnownFileType = sourcecode.c.h; path = PopOverDelegate.h; sourceTree = "<group>"; };
		B1C9865B18A9157B00B9BF50 /* PopOverTableViewController.h */ = {isa = PBXFileReference; fileEncoding = 4; lastKnownFileType = sourcecode.c.h; path = PopOverTableViewController.h; sourceTree = "<group>"; };
		B1C9865C18A9157B00B9BF50 /* PopOverTableViewController.m */ = {isa = PBXFileReference; fileEncoding = 4; lastKnownFileType = sourcecode.c.objc; path = PopOverTableViewController.m; sourceTree = "<group>"; };
		B1C9865D18A9157B00B9BF50 /* GameDesignViewController.h */ = {isa = PBXFileReference; fileEncoding = 4; lastKnownFileType = sourcecode.c.h; path = GameDesignViewController.h; sourceTree = "<group>"; };
		B1C9865E18A9157B00B9BF50 /* GameDesignViewController.m */ = {isa = PBXFileReference; fileEncoding = 4; lastKnownFileType = sourcecode.c.objc; path = GameDesignViewController.m; sourceTree = "<group>"; };
		B1C9865F18A9157B00B9BF50 /* GameDesignViewController+ViewControllerExtension.h */ = {isa = PBXFileReference; fileEncoding = 4; lastKnownFileType = sourcecode.c.h; path = "GameDesignViewController+ViewControllerExtension.h"; sourceTree = "<group>"; };
		B1C9866018A9157B00B9BF50 /* GameDesignViewController+ViewControllerExtension.m */ = {isa = PBXFileReference; fileEncoding = 4; lastKnownFileType = sourcecode.c.objc; path = "GameDesignViewController+ViewControllerExtension.m"; sourceTree = "<group>"; };
		B1C9866C18A915F300B9BF50 /* background.png */ = {isa = PBXFileReference; lastKnownFileType = image.png; name = background.png; path = "Images/possible backgrounds/background.png"; sourceTree = SOURCE_ROOT; };
		B1C9866D18A915F300B9BF50 /* bubble-blue.png */ = {isa = PBXFileReference; lastKnownFileType = image.png; name = "bubble-blue.png"; path = "Images/bubbles/bubble-blue.png"; sourceTree = SOURCE_ROOT; };
		B1C9866E18A915F300B9BF50 /* bubble-green.png */ = {isa = PBXFileReference; lastKnownFileType = image.png; name = "bubble-green.png"; path = "Images/bubbles/bubble-green.png"; sourceTree = SOURCE_ROOT; };
		B1C9866F18A915F300B9BF50 /* bubble-orange.png */ = {isa = PBXFileReference; lastKnownFileType = image.png; name = "bubble-orange.png"; path = "Images/bubbles/bubble-orange.png"; sourceTree = SOURCE_ROOT; };
		B1C9867018A915F300B9BF50 /* bubble-red.png */ = {isa = PBXFileReference; lastKnownFileType = image.png; name = "bubble-red.png"; path = "Images/bubbles/bubble-red.png"; sourceTree = SOURCE_ROOT; };
		B1C9867118A915F300B9BF50 /* eraser-1.png */ = {isa = PBXFileReference; lastKnownFileType = image.png; name = "eraser-1.png"; path = "Images/eraser-1.png"; sourceTree = SOURCE_ROOT; };
		B1C9867918A9164E00B9BF50 /* Base */ = {isa = PBXFileReference; lastKnownFileType = file.storyboard; name = Base; path = Base.lproj/Main.storyboard; sourceTree = "<group>"; };
		B1C9867B18A918A400B9BF50 /* WelcomeViewController.h */ = {isa = PBXFileReference; fileEncoding = 4; lastKnownFileType = sourcecode.c.h; path = WelcomeViewController.h; sourceTree = "<group>"; };
		B1C9867C18A918A400B9BF50 /* WelcomeViewController.m */ = {isa = PBXFileReference; fileEncoding = 4; lastKnownFileType = sourcecode.c.objc; path = WelcomeViewController.m; sourceTree = "<group>"; };
		B1C9868018A91A3E00B9BF50 /* AnimateViewController.h */ = {isa = PBXFileReference; fileEncoding = 4; lastKnownFileType = sourcecode.c.h; path = AnimateViewController.h; sourceTree = "<group>"; };
		B1C9868118A91A3E00B9BF50 /* AnimateViewController.m */ = {isa = PBXFileReference; fileEncoding = 4; lastKnownFileType = sourcecode.c.objc; path = AnimateViewController.m; sourceTree = "<group>"; };
		B1C9868718A91DB200B9BF50 /* GameBubbleCell.h */ = {isa = PBXFileReference; fileEncoding = 4; lastKnownFileType = sourcecode.c.h; path = GameBubbleCell.h; sourceTree = "<group>"; };
		B1C9868818A91DB200B9BF50 /* GameBubbleCell.m */ = {isa = PBXFileReference; fileEncoding = 4; lastKnownFileType = sourcecode.c.objc; path = GameBubbleCell.m; sourceTree = "<group>"; };
		B1C9868A18A92A1700B9BF50 /* CircleShape.h */ = {isa = PBXFileReference; fileEncoding = 4; lastKnownFileType = sourcecode.c.h; path = CircleShape.h; sourceTree = "<group>"; };
		B1C9868B18A92A1700B9BF50 /* CircleShape.m */ = {isa = PBXFileReference; fileEncoding = 4; lastKnownFileType = sourcecode.c.objc; path = CircleShape.m; sourceTree = "<group>"; };
		B1C9868D18A92A5400B9BF50 /* PhysicsSpace.h */ = {isa = PBXFileReference; fileEncoding = 4; lastKnownFileType = sourcecode.c.h; path = PhysicsSpace.h; sourceTree = "<group>"; };
		B1C9868E18A92A5400B9BF50 /* PhysicsSpace.m */ = {isa = PBXFileReference; fileEncoding = 4; lastKnownFileType = sourcecode.c.objc; path = PhysicsSpace.m; sourceTree = "<group>"; };
		B1C9C1BA18AB9DEB0069A5B2 /* PhysicsSpaceDelegate.h */ = {isa = PBXFileReference; lastKnownFileType = sourcecode.c.h; path = PhysicsSpaceDelegate.h; sourceTree = "<group>"; };
		B1C9C1BB18ABB1EA0069A5B2 /* GameEngine.h */ = {isa = PBXFileReference; fileEncoding = 4; lastKnownFileType = sourcecode.c.h; path = GameEngine.h; sourceTree = "<group>"; };
		B1C9C1BC18ABB1EA0069A5B2 /* GameEngine.m */ = {isa = PBXFileReference; fileEncoding = 4; lastKnownFileType = sourcecode.c.objc; path = GameEngine.m; sourceTree = "<group>"; };
		B1CAEF9F18AD14EA00A96057 /* GameEngineDelegate.h */ = {isa = PBXFileReference; lastKnownFileType = sourcecode.c.h; path = GameEngineDelegate.h; sourceTree = "<group>"; };
		B1CCB5C118C0685400DE08A4 /* AVSoundPlayer.h */ = {isa = PBXFileReference; fileEncoding = 4; lastKnownFileType = sourcecode.c.h; path = AVSoundPlayer.h; sourceTree = "<group>"; };
		B1CCB5C218C0685400DE08A4 /* AVSoundPlayer.m */ = {isa = PBXFileReference; fileEncoding = 4; lastKnownFileType = sourcecode.c.objc; path = AVSoundPlayer.m; sourceTree = "<group>"; };
		B1CCB5C718C0A40400DE08A4 /* bg-music-1.mp3 */ = {isa = PBXFileReference; lastKnownFileType = audio.mp3; name = "bg-music-1.mp3"; path = "music/bg-music-1.mp3"; sourceTree = SOURCE_ROOT; };
		B1CCB5C818C0A40400DE08A4 /* bg-music-2.mp3 */ = {isa = PBXFileReference; lastKnownFileType = audio.mp3; name = "bg-music-2.mp3"; path = "music/bg-music-2.mp3"; sourceTree = SOURCE_ROOT; };
		B1CCB5C918C0A40400DE08A4 /* bubble-popping.mp3 */ = {isa = PBXFileReference; lastKnownFileType = audio.mp3; name = "bubble-popping.mp3"; path = "music/bubble-popping.mp3"; sourceTree = SOURCE_ROOT; };
		B1CCB5CB18C0A40400DE08A4 /* cannon.mp3 */ = {isa = PBXFileReference; lastKnownFileType = audio.mp3; name = cannon.mp3; path = music/cannon.mp3; sourceTree = SOURCE_ROOT; };
		B1CCB5D518C0B50F00DE08A4 /* bubble-pink.png */ = {isa = PBXFileReference; lastKnownFileType = image.png; name = "bubble-pink.png"; path = "Images/bubble-pink.png"; sourceTree = SOURCE_ROOT; };
		B1CCB5D918C0B5B400DE08A4 /* bubble-colorful.png */ = {isa = PBXFileReference; lastKnownFileType = image.png; name = "bubble-colorful.png"; path = "Images/bubble-colorful.png"; sourceTree = SOURCE_ROOT; };
		B1CCB5DD18C0D3A200DE08A4 /* GameResourcesManager.h */ = {isa = PBXFileReference; fileEncoding = 4; lastKnownFileType = sourcecode.c.h; path = GameResourcesManager.h; sourceTree = "<group>"; };
		B1CCB5DE18C0D3A200DE08A4 /* GameResourcesManager.m */ = {isa = PBXFileReference; fileEncoding = 4; lastKnownFileType = sourcecode.c.objc; path = GameResourcesManager.m; sourceTree = "<group>"; };
		B1CCBE0E18BBB3B3008E7DDA /* blue-sky.png */ = {isa = PBXFileReference; lastKnownFileType = image.png; name = "blue-sky.png"; path = "Images/possible backgrounds/blue-sky.png"; sourceTree = SOURCE_ROOT; };
		B1CCBE1418BBB417008E7DDA /* water-sky.png */ = {isa = PBXFileReference; lastKnownFileType = image.png; name = "water-sky.png"; path = "Images/possible backgrounds/water-sky.png"; sourceTree = SOURCE_ROOT; };
		B1CCBE1818BBB8A2008E7DDA /* sky.png */ = {isa = PBXFileReference; lastKnownFileType = image.png; name = sky.png; path = "Images/possible backgrounds/sky.png"; sourceTree = SOURCE_ROOT; };
		B1CFB11A18C2F2AF009905D8 /* bubble-candy-green.png */ = {isa = PBXFileReference; lastKnownFileType = image.png; name = "bubble-candy-green.png"; path = "Images/bubbles/bubble-candy-green.png"; sourceTree = SOURCE_ROOT; };
		B1CFB11B18C2F2AF009905D8 /* bubble-candy-red.png */ = {isa = PBXFileReference; lastKnownFileType = image.png; name = "bubble-candy-red.png"; path = "Images/bubbles/bubble-candy-red.png"; sourceTree = SOURCE_ROOT; };
		B1D13E8918B12A1A0098BBB3 /* bubble-bomb.png */ = {isa = PBXFileReference; lastKnownFileType = image.png; name = "bubble-bomb.png"; path = "Images/bubbles/bubble-bomb.png"; sourceTree = SOURCE_ROOT; };
		B1D13E8A18B12A1A0098BBB3 /* bubble-burst.png */ = {isa = PBXFileReference; lastKnownFileType = image.png; name = "bubble-burst.png"; path = "Images/bubble-burst.png"; sourceTree = SOURCE_ROOT; };
		B1D13E8B18B12A1A0098BBB3 /* bubble-indestructible.png */ = {isa = PBXFileReference; lastKnownFileType = image.png; name = "bubble-indestructible.png"; path = "Images/bubbles/bubble-indestructible.png"; sourceTree = SOURCE_ROOT; };
		B1D13E8C18B12A1A0098BBB3 /* bubble-lightning.png */ = {isa = PBXFileReference; lastKnownFileType = image.png; name = "bubble-lightning.png"; path = "Images/bubbles/bubble-lightning.png"; sourceTree = SOURCE_ROOT; };
		B1D13E8D18B12A1A0098BBB3 /* bubble-star.png */ = {isa = PBXFileReference; lastKnownFileType = image.png; name = "bubble-star.png"; path = "Images/bubbles/bubble-star.png"; sourceTree = SOURCE_ROOT; };
		B1D13E8E18B12A1A0098BBB3 /* cannon-base.png */ = {isa = PBXFileReference; lastKnownFileType = image.png; name = "cannon-base.png"; path = "Images/cannon-base.png"; sourceTree = SOURCE_ROOT; };
		B1D13E9018B12A1A0098BBB3 /* cannon.png */ = {isa = PBXFileReference; lastKnownFileType = image.png; name = cannon.png; path = Images/cannon.png; sourceTree = SOURCE_ROOT; };
		B1D13E9918B12B300098BBB3 /* LevelSelectViewController.h */ = {isa = PBXFileReference; fileEncoding = 4; lastKnownFileType = sourcecode.c.h; path = LevelSelectViewController.h; sourceTree = "<group>"; };
		B1D13E9A18B12B300098BBB3 /* LevelSelectViewController.m */ = {isa = PBXFileReference; fileEncoding = 4; lastKnownFileType = sourcecode.c.objc; path = LevelSelectViewController.m; sourceTree = "<group>"; };
		B1D1C48D18AE6F730000AC43 /* Queue.h */ = {isa = PBXFileReference; fileEncoding = 4; lastKnownFileType = sourcecode.c.h; path = Queue.h; sourceTree = "<group>"; };
		B1D1C48E18AE6F730000AC43 /* Queue.m */ = {isa = PBXFileReference; fileEncoding = 4; lastKnownFileType = sourcecode.c.objc; path = Queue.m; sourceTree = "<group>"; };
		B1D1CCB318C2105B00030F52 /* Constants.h */ = {isa = PBXFileReference; fileEncoding = 4; lastKnownFileType = sourcecode.c.h; path = Constants.h; sourceTree = "<group>"; };
		B1DB39E618BE4722007405D2 /* Level-1.plist */ = {isa = PBXFileReference; fileEncoding = 4; lastKnownFileType = text.plist.xml; name = "Level-1.plist"; path = "preloaded levels/Level-1.plist"; sourceTree = SOURCE_ROOT; };
		B1DB39E718BE4722007405D2 /* Level-2.plist */ = {isa = PBXFileReference; fileEncoding = 4; lastKnownFileType = text.plist.xml; name = "Level-2.plist"; path = "preloaded levels/Level-2.plist"; sourceTree = SOURCE_ROOT; };
		B1DB39E818BE4722007405D2 /* Level-3.plist */ = {isa = PBXFileReference; fileEncoding = 4; lastKnownFileType = text.plist.xml; name = "Level-3.plist"; path = "preloaded levels/Level-3.plist"; sourceTree = SOURCE_ROOT; };
		B1EEC42118B3A007002A007B /* BubbleModelsManager.h */ = {isa = PBXFileReference; fileEncoding = 4; lastKnownFileType = sourcecode.c.h; path = BubbleModelsManager.h; sourceTree = "<group>"; };
		B1EEC42218B3A007002A007B /* BubbleModelsManager.m */ = {isa = PBXFileReference; fileEncoding = 4; lastKnownFileType = sourcecode.c.objc; path = BubbleModelsManager.m; sourceTree = "<group>"; };
		B1F387BC18AA623100EFE9AF /* ObjectBody.h */ = {isa = PBXFileReference; fileEncoding = 4; lastKnownFileType = sourcecode.c.h; path = ObjectBody.h; sourceTree = "<group>"; };
		B1F387BD18AA623100EFE9AF /* ObjectBody.m */ = {isa = PBXFileReference; fileEncoding = 4; lastKnownFileType = sourcecode.c.objc; path = ObjectBody.m; sourceTree = "<group>"; };
		B1F387BF18AA62C000EFE9AF /* Velocity.h */ = {isa = PBXFileReference; fileEncoding = 4; lastKnownFileType = sourcecode.c.h; path = Velocity.h; sourceTree = "<group>"; };
		B1F387C018AA62C000EFE9AF /* Velocity.m */ = {isa = PBXFileReference; fileEncoding = 4; lastKnownFileType = sourcecode.c.objc; path = Velocity.m; sourceTree = "<group>"; };
		B1F387D118AA6B2200EFE9AF /* ObjectBodyDelegate.h */ = {isa = PBXFileReference; lastKnownFileType = sourcecode.c.h; path = ObjectBodyDelegate.h; sourceTree = "<group>"; };
		B1F387D518AA93D000EFE9AF /* CircleShapeDelegate.h */ = {isa = PBXFileReference; lastKnownFileType = sourcecode.c.h; path = CircleShapeDelegate.h; sourceTree = "<group>"; };
		B1F387DA18AA963C00EFE9AF /* MovableObjectBody.h */ = {isa = PBXFileReference; fileEncoding = 4; lastKnownFileType = sourcecode.c.h; path = MovableObjectBody.h; sourceTree = "<group>"; };
		B1F387DB18AA963C00EFE9AF /* MovableObjectBody.m */ = {isa = PBXFileReference; fileEncoding = 4; lastKnownFileType = sourcecode.c.objc; path = MovableObjectBody.m; sourceTree = "<group>"; };
		B1F81F3118C1C59000268A82 /* Level-1.png */ = {isa = PBXFileReference; lastKnownFileType = image.png; name = "Level-1.png"; path = "preloaded levels/Level-1.png"; sourceTree = SOURCE_ROOT; };
		B1F81F3218C1C59000268A82 /* Level-2.png */ = {isa = PBXFileReference; lastKnownFileType = image.png; name = "Level-2.png"; path = "preloaded levels/Level-2.png"; sourceTree = SOURCE_ROOT; };
		B1F81F3318C1C59000268A82 /* Level-3.png */ = {isa = PBXFileReference; lastKnownFileType = image.png; name = "Level-3.png"; path = "preloaded levels/Level-3.png"; sourceTree = SOURCE_ROOT; };
/* End PBXFileReference section */

/* Begin PBXFrameworksBuildPhase section */
		B1C9861518A9140A00B9BF50 /* Frameworks */ = {
			isa = PBXFrameworksBuildPhase;
			buildActionMask = 2147483647;
			files = (
				B1C9861E18A9140A00B9BF50 /* CoreGraphics.framework in Frameworks */,
				B1C9862018A9140A00B9BF50 /* UIKit.framework in Frameworks */,
				B1C9861C18A9140A00B9BF50 /* Foundation.framework in Frameworks */,
			);
			runOnlyForDeploymentPostprocessing = 0;
		};
		B1C9863618A9140B00B9BF50 /* Frameworks */ = {
			isa = PBXFrameworksBuildPhase;
			buildActionMask = 2147483647;
			files = (
				B1C9863B18A9140B00B9BF50 /* XCTest.framework in Frameworks */,
				B1C9863D18A9140B00B9BF50 /* UIKit.framework in Frameworks */,
				B1C9863C18A9140B00B9BF50 /* Foundation.framework in Frameworks */,
			);
			runOnlyForDeploymentPostprocessing = 0;
		};
/* End PBXFrameworksBuildPhase section */

/* Begin PBXGroup section */
		0672273E187F9DF600F69DB4 = {
			isa = PBXGroup;
			children = (
				B1C9862118A9140A00B9BF50 /* Bubble Blast Saga */,
				B1C9864018A9140B00B9BF50 /* Bubble Blast Saga Test */,
				B1C9861A18A9140A00B9BF50 /* Frameworks */,
				B1C9861918A9140A00B9BF50 /* Products */,
			);
			sourceTree = "<group>";
		};
		B1C9861918A9140A00B9BF50 /* Products */ = {
			isa = PBXGroup;
			children = (
				B1C9861818A9140A00B9BF50 /* GameEngine.app */,
				B1C9863918A9140B00B9BF50 /* GameEngineTests.xctest */,
			);
			name = Products;
			sourceTree = "<group>";
		};
		B1C9861A18A9140A00B9BF50 /* Frameworks */ = {
			isa = PBXGroup;
			children = (
				B1C9861B18A9140A00B9BF50 /* Foundation.framework */,
				B1C9861D18A9140A00B9BF50 /* CoreGraphics.framework */,
				B1C9861F18A9140A00B9BF50 /* UIKit.framework */,
				B1C9863A18A9140B00B9BF50 /* XCTest.framework */,
			);
			name = Frameworks;
			sourceTree = "<group>";
		};
		B1C9862118A9140A00B9BF50 /* Bubble Blast Saga */ = {
			isa = PBXGroup;
			children = (
				B1D1CCB118C2049A00030F52 /* others */,
				B1CAEF9A18ACDE2900A96057 /* model */,
				B1CCB5DB18C0D20A00DE08A4 /* game recources */,
				B1C9866A18A9158E00B9BF50 /* design mode */,
				B1C9867E18A918B200B9BF50 /* play mode */,
				B1C9867F18A918CF00B9BF50 /* intro mode */,
				B1C9862A18A9140A00B9BF50 /* AppDelegate.h */,
				B1C9862B18A9140A00B9BF50 /* AppDelegate.m */,
				B1C9867818A9164E00B9BF50 /* Main.storyboard */,
				B1C9863318A9140A00B9BF50 /* Images.xcassets */,
				B1C9862218A9140A00B9BF50 /* Supporting Files */,
			);
			name = "Bubble Blast Saga";
			path = GameEngine;
			sourceTree = "<group>";
		};
		B1C9862218A9140A00B9BF50 /* Supporting Files */ = {
			isa = PBXGroup;
			children = (
				B1C9862318A9140A00B9BF50 /* GameEngine-Info.plist */,
				B1C9862418A9140A00B9BF50 /* InfoPlist.strings */,
				B1C9862718A9140A00B9BF50 /* main.m */,
				B1C9862918A9140A00B9BF50 /* GameEngine-Prefix.pch */,
			);
			name = "Supporting Files";
			sourceTree = "<group>";
		};
		B1C9864018A9140B00B9BF50 /* Bubble Blast Saga Test */ = {
			isa = PBXGroup;
			children = (
				B1C9864618A9140B00B9BF50 /* GameEngineTests.m */,
				B1C9864118A9140B00B9BF50 /* Supporting Files */,
			);
			name = "Bubble Blast Saga Test";
			path = GameEngineTests;
			sourceTree = "<group>";
		};
		B1C9864118A9140B00B9BF50 /* Supporting Files */ = {
			isa = PBXGroup;
			children = (
				B1C9864218A9140B00B9BF50 /* GameEngineTests-Info.plist */,
				B1C9864318A9140B00B9BF50 /* InfoPlist.strings */,
			);
			name = "Supporting Files";
			sourceTree = "<group>";
		};
		B1C9866A18A9158E00B9BF50 /* design mode */ = {
			isa = PBXGroup;
			children = (
				B1CAEF9D18ACDE6C00A96057 /* Controller */,
				B1CAEF9C18ACDE5800A96057 /* Delegate */,
				B1CAEF9B18ACDE3D00A96057 /* View */,
			);
			name = "design mode";
			sourceTree = "<group>";
		};
		B1C9866B18A915DB00B9BF50 /* images */ = {
			isa = PBXGroup;
			children = (
				B1CCBDF818BBA536008E7DDA /* backgrounds */,
				B1CCBDF918BBA618008E7DDA /* bubbles */,
				B1CCB5D918C0B5B400DE08A4 /* bubble-colorful.png */,
				B1CCB5D518C0B50F00DE08A4 /* bubble-pink.png */,
				B1D13E8A18B12A1A0098BBB3 /* bubble-burst.png */,
				B1D13E8E18B12A1A0098BBB3 /* cannon-base.png */,
				B1D13E9018B12A1A0098BBB3 /* cannon.png */,
			);
			name = images;
			sourceTree = "<group>";
		};
		B1C9867E18A918B200B9BF50 /* play mode */ = {
			isa = PBXGroup;
			children = (
				B1C9868618A91CFF00B9BF50 /* Game Engine */,
				B1C9868518A91CEE00B9BF50 /* Physics Engine */,
				B1C9868318A91CC400B9BF50 /* View and Controllers */,
			);
			name = "play mode";
			sourceTree = "<group>";
		};
		B1C9867F18A918CF00B9BF50 /* intro mode */ = {
			isa = PBXGroup;
			children = (
				B1C9867B18A918A400B9BF50 /* WelcomeViewController.h */,
				B1C9867C18A918A400B9BF50 /* WelcomeViewController.m */,
				B1D13E9918B12B300098BBB3 /* LevelSelectViewController.h */,
				B1D13E9A18B12B300098BBB3 /* LevelSelectViewController.m */,
			);
			name = "intro mode";
			sourceTree = "<group>";
		};
		B1C9868318A91CC400B9BF50 /* View and Controllers */ = {
			isa = PBXGroup;
			children = (
				B1C9868018A91A3E00B9BF50 /* AnimateViewController.h */,
				B1C9868118A91A3E00B9BF50 /* AnimateViewController.m */,
				B1C9868718A91DB200B9BF50 /* GameBubbleCell.h */,
				B1C9868818A91DB200B9BF50 /* GameBubbleCell.m */,
			);
			name = "View and Controllers";
			sourceTree = "<group>";
		};
		B1C9868518A91CEE00B9BF50 /* Physics Engine */ = {
			isa = PBXGroup;
			children = (
				B1F387D018AA6AF400EFE9AF /* Physics delegate */,
				B1F387CF18AA68D400EFE9AF /* Object body */,
				B1F387D918AA944B00EFE9AF /* Shape */,
				B1C9868D18A92A5400B9BF50 /* PhysicsSpace.h */,
				B1C9868E18A92A5400B9BF50 /* PhysicsSpace.m */,
			);
			name = "Physics Engine";
			sourceTree = "<group>";
		};
		B1C9868618A91CFF00B9BF50 /* Game Engine */ = {
			isa = PBXGroup;
			children = (
				B1CAEF9F18AD14EA00A96057 /* GameEngineDelegate.h */,
				B1C9C1BB18ABB1EA0069A5B2 /* GameEngine.h */,
				B1C9C1BC18ABB1EA0069A5B2 /* GameEngine.m */,
			);
			name = "Game Engine";
			sourceTree = "<group>";
		};
		B1CAEF9A18ACDE2900A96057 /* model */ = {
			isa = PBXGroup;
			children = (
				B1D1C48D18AE6F730000AC43 /* Queue.h */,
				B1D1C48E18AE6F730000AC43 /* Queue.m */,
				B1C9865218A9157B00B9BF50 /* BubbleModel.h */,
				B1C9865318A9157B00B9BF50 /* BubbleModel.m */,
				B1EEC42118B3A007002A007B /* BubbleModelsManager.h */,
				B1EEC42218B3A007002A007B /* BubbleModelsManager.m */,
			);
			name = model;
			sourceTree = "<group>";
		};
		B1CAEF9B18ACDE3D00A96057 /* View */ = {
			isa = PBXGroup;
			children = (
				B1C9864E18A9157B00B9BF50 /* BubbleCell.h */,
				B1C9864F18A9157B00B9BF50 /* BubbleCell.m */,
				B1C9865018A9157B00B9BF50 /* BubbleGameAreaViewLayout.h */,
				B1C9865118A9157B00B9BF50 /* BubbleGameAreaViewLayout.m */,
			);
			name = View;
			sourceTree = "<group>";
		};
		B1CAEF9C18ACDE5800A96057 /* Delegate */ = {
			isa = PBXGroup;
			children = (
				B1C9865A18A9157B00B9BF50 /* PopOverDelegate.h */,
			);
			name = Delegate;
			sourceTree = "<group>";
		};
		B1CAEF9D18ACDE6C00A96057 /* Controller */ = {
			isa = PBXGroup;
			children = (
				B1C9865B18A9157B00B9BF50 /* PopOverTableViewController.h */,
				B1C9865C18A9157B00B9BF50 /* PopOverTableViewController.m */,
				B1C9865D18A9157B00B9BF50 /* GameDesignViewController.h */,
				B1C9865E18A9157B00B9BF50 /* GameDesignViewController.m */,
				B1C9865F18A9157B00B9BF50 /* GameDesignViewController+ViewControllerExtension.h */,
				B1C9866018A9157B00B9BF50 /* GameDesignViewController+ViewControllerExtension.m */,
			);
			name = Controller;
			sourceTree = "<group>";
		};
		B1CCB5DB18C0D20A00DE08A4 /* game recources */ = {
			isa = PBXGroup;
			children = (
				B1F81F3018C1BD1400268A82 /* preloaded levels */,
				B1DE5F5018BDF874003A4414 /* sound source */,
				B1C9866B18A915DB00B9BF50 /* images */,
			);
			name = "game recources";
			sourceTree = "<group>";
		};
		B1CCBDF818BBA536008E7DDA /* backgrounds */ = {
			isa = PBXGroup;
			children = (
				B1CCBE1818BBB8A2008E7DDA /* sky.png */,
				B1CCBE1418BBB417008E7DDA /* water-sky.png */,
				B1CCBE0E18BBB3B3008E7DDA /* blue-sky.png */,
				B1C9866C18A915F300B9BF50 /* background.png */,
			);
			name = backgrounds;
			sourceTree = "<group>";
		};
		B1CCBDF918BBA618008E7DDA /* bubbles */ = {
			isa = PBXGroup;
			children = (
				B1CFB11A18C2F2AF009905D8 /* bubble-candy-green.png */,
				B1CFB11B18C2F2AF009905D8 /* bubble-candy-red.png */,
				B1D13E8918B12A1A0098BBB3 /* bubble-bomb.png */,
				B1D13E8B18B12A1A0098BBB3 /* bubble-indestructible.png */,
				B1C9866D18A915F300B9BF50 /* bubble-blue.png */,
				B1C9866E18A915F300B9BF50 /* bubble-green.png */,
				B1C9866F18A915F300B9BF50 /* bubble-orange.png */,
				B1D13E8D18B12A1A0098BBB3 /* bubble-star.png */,
				B1C9867018A915F300B9BF50 /* bubble-red.png */,
				B1C9867118A915F300B9BF50 /* eraser-1.png */,
				B1D13E8C18B12A1A0098BBB3 /* bubble-lightning.png */,
			);
			name = bubbles;
			sourceTree = "<group>";
		};
		B1D1CCB118C2049A00030F52 /* others */ = {
			isa = PBXGroup;
			children = (
				B1D1CCB218C204AD00030F52 /* resource manager */,
				B1DB39E118BE331D007405D2 /* sound player */,
				B1D1CCB318C2105B00030F52 /* Constants.h */,
			);
			name = others;
			sourceTree = "<group>";
		};
		B1D1CCB218C204AD00030F52 /* resource manager */ = {
			isa = PBXGroup;
			children = (
				B1CCB5DD18C0D3A200DE08A4 /* GameResourcesManager.h */,
				B1CCB5DE18C0D3A200DE08A4 /* GameResourcesManager.m */,
			);
			name = "resource manager";
			sourceTree = "<group>";
		};
		B1DB39E118BE331D007405D2 /* sound player */ = {
			isa = PBXGroup;
			children = (
				B1CCB5C118C0685400DE08A4 /* AVSoundPlayer.h */,
				B1CCB5C218C0685400DE08A4 /* AVSoundPlayer.m */,
			);
			name = "sound player";
			sourceTree = "<group>";
		};
		B1DB39E518BE4258007405D2 /* preloaded plist */ = {
			isa = PBXGroup;
			children = (
				B1DB39E618BE4722007405D2 /* Level-1.plist */,
				B1DB39E718BE4722007405D2 /* Level-2.plist */,
				B1DB39E818BE4722007405D2 /* Level-3.plist */,
			);
			name = "preloaded plist";
			sourceTree = "<group>";
		};
		B1DE5F5018BDF874003A4414 /* sound source */ = {
			isa = PBXGroup;
			children = (
				B1CCB5C718C0A40400DE08A4 /* bg-music-1.mp3 */,
				B1CCB5C818C0A40400DE08A4 /* bg-music-2.mp3 */,
				B1CCB5C918C0A40400DE08A4 /* bubble-popping.mp3 */,
				B1CCB5CB18C0A40400DE08A4 /* cannon.mp3 */,
			);
			name = "sound source";
			sourceTree = "<group>";
		};
		B1F387CF18AA68D400EFE9AF /* Object body */ = {
			isa = PBXGroup;
			children = (
				B1F387BF18AA62C000EFE9AF /* Velocity.h */,
				B1F387C018AA62C000EFE9AF /* Velocity.m */,
				B1F387BC18AA623100EFE9AF /* ObjectBody.h */,
				B1F387BD18AA623100EFE9AF /* ObjectBody.m */,
				B1F387DA18AA963C00EFE9AF /* MovableObjectBody.h */,
				B1F387DB18AA963C00EFE9AF /* MovableObjectBody.m */,
			);
			name = "Object body";
			sourceTree = "<group>";
		};
		B1F387D018AA6AF400EFE9AF /* Physics delegate */ = {
			isa = PBXGroup;
			children = (
				B1F387D118AA6B2200EFE9AF /* ObjectBodyDelegate.h */,
				B1F387D518AA93D000EFE9AF /* CircleShapeDelegate.h */,
				B1C9C1BA18AB9DEB0069A5B2 /* PhysicsSpaceDelegate.h */,
			);
			name = "Physics delegate";
			sourceTree = "<group>";
		};
		B1F387D918AA944B00EFE9AF /* Shape */ = {
			isa = PBXGroup;
			children = (
				B1C9868A18A92A1700B9BF50 /* CircleShape.h */,
				B1C9868B18A92A1700B9BF50 /* CircleShape.m */,
			);
			name = Shape;
			sourceTree = "<group>";
		};
		B1F81F2F18C1BD0000268A82 /* preloaded images */ = {
			isa = PBXGroup;
			children = (
				B1F81F3118C1C59000268A82 /* Level-1.png */,
				B1F81F3218C1C59000268A82 /* Level-2.png */,
				B1F81F3318C1C59000268A82 /* Level-3.png */,
			);
			name = "preloaded images";
			sourceTree = "<group>";
		};
		B1F81F3018C1BD1400268A82 /* preloaded levels */ = {
			isa = PBXGroup;
			children = (
				B1DB39E518BE4258007405D2 /* preloaded plist */,
				B1F81F2F18C1BD0000268A82 /* preloaded images */,
			);
			name = "preloaded levels";
			sourceTree = "<group>";
		};
/* End PBXGroup section */

/* Begin PBXNativeTarget section */
		B1C9861718A9140A00B9BF50 /* GameEngine */ = {
			isa = PBXNativeTarget;
			buildConfigurationList = B1C9864C18A9140B00B9BF50 /* Build configuration list for PBXNativeTarget "GameEngine" */;
			buildPhases = (
				B1C9861418A9140A00B9BF50 /* Sources */,
				B1C9861518A9140A00B9BF50 /* Frameworks */,
				B1C9861618A9140A00B9BF50 /* Resources */,
			);
			buildRules = (
			);
			dependencies = (
			);
			name = GameEngine;
			productName = GameEngine;
			productReference = B1C9861818A9140A00B9BF50 /* GameEngine.app */;
			productType = "com.apple.product-type.application";
		};
		B1C9863818A9140B00B9BF50 /* GameEngineTests */ = {
			isa = PBXNativeTarget;
			buildConfigurationList = B1C9864D18A9140B00B9BF50 /* Build configuration list for PBXNativeTarget "GameEngineTests" */;
			buildPhases = (
				B1C9863518A9140B00B9BF50 /* Sources */,
				B1C9863618A9140B00B9BF50 /* Frameworks */,
				B1C9863718A9140B00B9BF50 /* Resources */,
			);
			buildRules = (
			);
			dependencies = (
				B1C9863F18A9140B00B9BF50 /* PBXTargetDependency */,
			);
			name = GameEngineTests;
			productName = GameEngineTests;
			productReference = B1C9863918A9140B00B9BF50 /* GameEngineTests.xctest */;
			productType = "com.apple.product-type.bundle.unit-test";
		};
/* End PBXNativeTarget section */

/* Begin PBXProject section */
		0672273F187F9DF600F69DB4 /* Project object */ = {
			isa = PBXProject;
			attributes = {
				LastUpgradeCheck = 0500;
				TargetAttributes = {
					B1C9863818A9140B00B9BF50 = {
						TestTargetID = B1C9861718A9140A00B9BF50;
					};
				};
			};
			buildConfigurationList = 06722742187F9DF600F69DB4 /* Build configuration list for PBXProject "Bubble Blast Saga" */;
			compatibilityVersion = "Xcode 3.2";
			developmentRegion = English;
			hasScannedForEncodings = 0;
			knownRegions = (
				en,
				Base,
			);
			mainGroup = 0672273E187F9DF600F69DB4;
			productRefGroup = B1C9861918A9140A00B9BF50 /* Products */;
			projectDirPath = "";
			projectRoot = "";
			targets = (
				B1C9861718A9140A00B9BF50 /* GameEngine */,
				B1C9863818A9140B00B9BF50 /* GameEngineTests */,
			);
		};
/* End PBXProject section */

/* Begin PBXResourcesBuildPhase section */
		B1C9861618A9140A00B9BF50 /* Resources */ = {
			isa = PBXResourcesBuildPhase;
			buildActionMask = 2147483647;
			files = (
				B1CCB5DA18C0B5B400DE08A4 /* bubble-colorful.png in Resources */,
				B1C9867618A915F300B9BF50 /* bubble-red.png in Resources */,
				B1D13E9818B12A1A0098BBB3 /* cannon.png in Resources */,
				B1C9867418A915F300B9BF50 /* bubble-green.png in Resources */,
				B1CCBE1118BBB3B3008E7DDA /* blue-sky.png in Resources */,
				B1CFB11C18C2F2AF009905D8 /* bubble-candy-green.png in Resources */,
				B1F81F3518C1C59000268A82 /* Level-2.png in Resources */,
				B1CFB11D18C2F2AF009905D8 /* bubble-candy-red.png in Resources */,
				B1C9863418A9140A00B9BF50 /* Images.xcassets in Resources */,
				B1D13E9618B12A1A0098BBB3 /* cannon-base.png in Resources */,
				B1D13E9118B12A1A0098BBB3 /* bubble-bomb.png in Resources */,
				B1CCB5D018C0A40400DE08A4 /* cannon.mp3 in Resources */,
				B1C9867218A915F300B9BF50 /* background.png in Resources */,
				B1CCB5CC18C0A40400DE08A4 /* bg-music-1.mp3 in Resources */,
				B1C9867518A915F300B9BF50 /* bubble-orange.png in Resources */,
				B1DB39EB18BE4722007405D2 /* Level-1.plist in Resources */,
				B1C9862618A9140A00B9BF50 /* InfoPlist.strings in Resources */,
				B1D13E9218B12A1A0098BBB3 /* bubble-burst.png in Resources */,
				B1C9867A18A9164E00B9BF50 /* Main.storyboard in Resources */,
				B1C9867318A915F300B9BF50 /* bubble-blue.png in Resources */,
				B1CCB5CE18C0A40400DE08A4 /* bubble-popping.mp3 in Resources */,
				B1CCB5CD18C0A40400DE08A4 /* bg-music-2.mp3 in Resources */,
				B1DB39ED18BE4722007405D2 /* Level-3.plist in Resources */,
				B1F81F3618C1C59000268A82 /* Level-3.png in Resources */,
				B1CCBE1618BBB417008E7DDA /* water-sky.png in Resources */,
				B1D13E9418B12A1A0098BBB3 /* bubble-lightning.png in Resources */,
				B1D13E9318B12A1A0098BBB3 /* bubble-indestructible.png in Resources */,
				B1F81F3418C1C59000268A82 /* Level-1.png in Resources */,
				B1DB39EC18BE4722007405D2 /* Level-2.plist in Resources */,
				B1C9867718A915F300B9BF50 /* eraser-1.png in Resources */,
				B1CCB5D718C0B50F00DE08A4 /* bubble-pink.png in Resources */,
				B1CCBE1918BBB8A2008E7DDA /* sky.png in Resources */,
				B1D13E9518B12A1A0098BBB3 /* bubble-star.png in Resources */,
			);
			runOnlyForDeploymentPostprocessing = 0;
		};
		B1C9863718A9140B00B9BF50 /* Resources */ = {
			isa = PBXResourcesBuildPhase;
			buildActionMask = 2147483647;
			files = (
				B1C9864518A9140B00B9BF50 /* InfoPlist.strings in Resources */,
			);
			runOnlyForDeploymentPostprocessing = 0;
		};
/* End PBXResourcesBuildPhase section */

/* Begin PBXSourcesBuildPhase section */
		B1C9861418A9140A00B9BF50 /* Sources */ = {
			isa = PBXSourcesBuildPhase;
			buildActionMask = 2147483647;
			files = (
				B1D1C48F18AE6F730000AC43 /* Queue.m in Sources */,
				B1CCB5C318C0685400DE08A4 /* AVSoundPlayer.m in Sources */,
				B1CCB5DF18C0D3A200DE08A4 /* GameResourcesManager.m in Sources */,
				B1D13E9B18B12B300098BBB3 /* LevelSelectViewController.m in Sources */,
				B1C9862C18A9140A00B9BF50 /* AppDelegate.m in Sources */,
				B1C9866918A9157B00B9BF50 /* GameDesignViewController+ViewControllerExtension.m in Sources */,
				B1F387DC18AA963C00EFE9AF /* MovableObjectBody.m in Sources */,
				B1C9866218A9157B00B9BF50 /* BubbleGameAreaViewLayout.m in Sources */,
				B1EEC42318B3A007002A007B /* BubbleModelsManager.m in Sources */,
				B1C9867D18A918A400B9BF50 /* WelcomeViewController.m in Sources */,
				B1C9866818A9157B00B9BF50 /* GameDesignViewController.m in Sources */,
				B1C9868218A91A3E00B9BF50 /* AnimateViewController.m in Sources */,
				B1C9868F18A92A5400B9BF50 /* PhysicsSpace.m in Sources */,
				B1C9866118A9157B00B9BF50 /* BubbleCell.m in Sources */,
				B1C9866718A9157B00B9BF50 /* PopOverTableViewController.m in Sources */,
				B1C9866318A9157B00B9BF50 /* BubbleModel.m in Sources */,
				B1C9862818A9140A00B9BF50 /* main.m in Sources */,
				B1F387BE18AA623100EFE9AF /* ObjectBody.m in Sources */,
				B1C9868C18A92A1700B9BF50 /* CircleShape.m in Sources */,
				B1C9C1BD18ABB1EA0069A5B2 /* GameEngine.m in Sources */,
				B1C9868918A91DB200B9BF50 /* GameBubbleCell.m in Sources */,
				B1F387C118AA62C000EFE9AF /* Velocity.m in Sources */,
			);
			runOnlyForDeploymentPostprocessing = 0;
		};
		B1C9863518A9140B00B9BF50 /* Sources */ = {
			isa = PBXSourcesBuildPhase;
			buildActionMask = 2147483647;
			files = (
				B1C9864718A9140B00B9BF50 /* GameEngineTests.m in Sources */,
			);
			runOnlyForDeploymentPostprocessing = 0;
		};
/* End PBXSourcesBuildPhase section */

/* Begin PBXTargetDependency section */
		B1C9863F18A9140B00B9BF50 /* PBXTargetDependency */ = {
			isa = PBXTargetDependency;
			target = B1C9861718A9140A00B9BF50 /* GameEngine */;
			targetProxy = B1C9863E18A9140B00B9BF50 /* PBXContainerItemProxy */;
		};
/* End PBXTargetDependency section */

/* Begin PBXVariantGroup section */
		B1C9862418A9140A00B9BF50 /* InfoPlist.strings */ = {
			isa = PBXVariantGroup;
			children = (
				B1C9862518A9140A00B9BF50 /* en */,
			);
			name = InfoPlist.strings;
			sourceTree = "<group>";
		};
		B1C9864318A9140B00B9BF50 /* InfoPlist.strings */ = {
			isa = PBXVariantGroup;
			children = (
				B1C9864418A9140B00B9BF50 /* en */,
			);
			name = InfoPlist.strings;
			sourceTree = "<group>";
		};
		B1C9867818A9164E00B9BF50 /* Main.storyboard */ = {
			isa = PBXVariantGroup;
			children = (
				B1C9867918A9164E00B9BF50 /* Base */,
			);
			name = Main.storyboard;
			sourceTree = "<group>";
		};
/* End PBXVariantGroup section */

/* Begin XCBuildConfiguration section */
		06722743187F9DF600F69DB4 /* Debug */ = {
			isa = XCBuildConfiguration;
			buildSettings = {
			};
			name = Debug;
		};
		06722744187F9DF600F69DB4 /* Release */ = {
			isa = XCBuildConfiguration;
			buildSettings = {
			};
			name = Release;
		};
		B1C9864818A9140B00B9BF50 /* Debug */ = {
			isa = XCBuildConfiguration;
			buildSettings = {
				ALWAYS_SEARCH_USER_PATHS = NO;
				ARCHS = "$(ARCHS_STANDARD_INCLUDING_64_BIT)";
				ASSETCATALOG_COMPILER_APPICON_NAME = AppIcon;
				ASSETCATALOG_COMPILER_LAUNCHIMAGE_NAME = LaunchImage;
				CLANG_CXX_LANGUAGE_STANDARD = "gnu++0x";
				CLANG_CXX_LIBRARY = "libc++";
				CLANG_ENABLE_MODULES = YES;
				CLANG_ENABLE_OBJC_ARC = YES;
				CLANG_WARN_BOOL_CONVERSION = YES;
				CLANG_WARN_CONSTANT_CONVERSION = YES;
				CLANG_WARN_DIRECT_OBJC_ISA_USAGE = YES_ERROR;
				CLANG_WARN_EMPTY_BODY = YES;
				CLANG_WARN_ENUM_CONVERSION = YES;
				CLANG_WARN_INT_CONVERSION = YES;
				CLANG_WARN_OBJC_ROOT_CLASS = YES_ERROR;
				CLANG_WARN__DUPLICATE_METHOD_MATCH = YES;
				"CODE_SIGN_IDENTITY[sdk=iphoneos*]" = "iPhone Developer";
				COPY_PHASE_STRIP = NO;
				FRAMEWORK_SEARCH_PATHS = (
					"$(inherited)",
					"$(DEVELOPER_FRAMEWORKS_DIR)",
				);
				GCC_C_LANGUAGE_STANDARD = gnu99;
				GCC_DYNAMIC_NO_PIC = NO;
				GCC_OPTIMIZATION_LEVEL = 0;
				GCC_PRECOMPILE_PREFIX_HEADER = YES;
				GCC_PREFIX_HEADER = "GameEngine/GameEngine-Prefix.pch";
				GCC_PREPROCESSOR_DEFINITIONS = (
					"DEBUG=1",
					"$(inherited)",
				);
				GCC_SYMBOLS_PRIVATE_EXTERN = NO;
				GCC_WARN_64_TO_32_BIT_CONVERSION = YES;
				GCC_WARN_ABOUT_RETURN_TYPE = YES_ERROR;
				GCC_WARN_UNDECLARED_SELECTOR = YES;
				GCC_WARN_UNINITIALIZED_AUTOS = YES;
				GCC_WARN_UNUSED_FUNCTION = YES;
				GCC_WARN_UNUSED_VARIABLE = YES;
				INFOPLIST_FILE = "GameEngine/GameEngine-Info.plist";
				IPHONEOS_DEPLOYMENT_TARGET = 7.0;
				ONLY_ACTIVE_ARCH = YES;
				PRODUCT_NAME = "$(TARGET_NAME)";
				SDKROOT = iphoneos;
				TARGETED_DEVICE_FAMILY = 2;
				WRAPPER_EXTENSION = app;
			};
			name = Debug;
		};
		B1C9864918A9140B00B9BF50 /* Release */ = {
			isa = XCBuildConfiguration;
			buildSettings = {
				ALWAYS_SEARCH_USER_PATHS = NO;
				ARCHS = "$(ARCHS_STANDARD_INCLUDING_64_BIT)";
				ASSETCATALOG_COMPILER_APPICON_NAME = AppIcon;
				ASSETCATALOG_COMPILER_LAUNCHIMAGE_NAME = LaunchImage;
				CLANG_CXX_LANGUAGE_STANDARD = "gnu++0x";
				CLANG_CXX_LIBRARY = "libc++";
				CLANG_ENABLE_MODULES = YES;
				CLANG_ENABLE_OBJC_ARC = YES;
				CLANG_WARN_BOOL_CONVERSION = YES;
				CLANG_WARN_CONSTANT_CONVERSION = YES;
				CLANG_WARN_DIRECT_OBJC_ISA_USAGE = YES_ERROR;
				CLANG_WARN_EMPTY_BODY = YES;
				CLANG_WARN_ENUM_CONVERSION = YES;
				CLANG_WARN_INT_CONVERSION = YES;
				CLANG_WARN_OBJC_ROOT_CLASS = YES_ERROR;
				CLANG_WARN__DUPLICATE_METHOD_MATCH = YES;
				"CODE_SIGN_IDENTITY[sdk=iphoneos*]" = "iPhone Developer";
				COPY_PHASE_STRIP = YES;
				ENABLE_NS_ASSERTIONS = NO;
				FRAMEWORK_SEARCH_PATHS = (
					"$(inherited)",
					"$(DEVELOPER_FRAMEWORKS_DIR)",
				);
				GCC_C_LANGUAGE_STANDARD = gnu99;
				GCC_PRECOMPILE_PREFIX_HEADER = YES;
				GCC_PREFIX_HEADER = "GameEngine/GameEngine-Prefix.pch";
				GCC_WARN_64_TO_32_BIT_CONVERSION = YES;
				GCC_WARN_ABOUT_RETURN_TYPE = YES_ERROR;
				GCC_WARN_UNDECLARED_SELECTOR = YES;
				GCC_WARN_UNINITIALIZED_AUTOS = YES;
				GCC_WARN_UNUSED_FUNCTION = YES;
				GCC_WARN_UNUSED_VARIABLE = YES;
				INFOPLIST_FILE = "GameEngine/GameEngine-Info.plist";
				IPHONEOS_DEPLOYMENT_TARGET = 7.0;
				PRODUCT_NAME = "$(TARGET_NAME)";
				SDKROOT = iphoneos;
				TARGETED_DEVICE_FAMILY = 2;
				VALIDATE_PRODUCT = YES;
				WRAPPER_EXTENSION = app;
			};
			name = Release;
		};
		B1C9864A18A9140B00B9BF50 /* Debug */ = {
			isa = XCBuildConfiguration;
			buildSettings = {
				ALWAYS_SEARCH_USER_PATHS = NO;
				ARCHS = "$(ARCHS_STANDARD_INCLUDING_64_BIT)";
				BUNDLE_LOADER = "$(BUILT_PRODUCTS_DIR)/GameEngine.app/GameEngine";
				CLANG_CXX_LANGUAGE_STANDARD = "gnu++0x";
				CLANG_CXX_LIBRARY = "libc++";
				CLANG_ENABLE_MODULES = YES;
				CLANG_ENABLE_OBJC_ARC = YES;
				CLANG_WARN_BOOL_CONVERSION = YES;
				CLANG_WARN_CONSTANT_CONVERSION = YES;
				CLANG_WARN_DIRECT_OBJC_ISA_USAGE = YES_ERROR;
				CLANG_WARN_EMPTY_BODY = YES;
				CLANG_WARN_ENUM_CONVERSION = YES;
				CLANG_WARN_INT_CONVERSION = YES;
				CLANG_WARN_OBJC_ROOT_CLASS = YES_ERROR;
				CLANG_WARN__DUPLICATE_METHOD_MATCH = YES;
				COPY_PHASE_STRIP = NO;
				FRAMEWORK_SEARCH_PATHS = (
					"$(SDKROOT)/Developer/Library/Frameworks",
					"$(inherited)",
					"$(DEVELOPER_FRAMEWORKS_DIR)",
				);
				GCC_C_LANGUAGE_STANDARD = gnu99;
				GCC_DYNAMIC_NO_PIC = NO;
				GCC_OPTIMIZATION_LEVEL = 0;
				GCC_PRECOMPILE_PREFIX_HEADER = YES;
				GCC_PREFIX_HEADER = "GameEngine/GameEngine-Prefix.pch";
				GCC_PREPROCESSOR_DEFINITIONS = (
					"DEBUG=1",
					"$(inherited)",
				);
				GCC_SYMBOLS_PRIVATE_EXTERN = NO;
				GCC_WARN_64_TO_32_BIT_CONVERSION = YES;
				GCC_WARN_ABOUT_RETURN_TYPE = YES_ERROR;
				GCC_WARN_UNDECLARED_SELECTOR = YES;
				GCC_WARN_UNINITIALIZED_AUTOS = YES;
				GCC_WARN_UNUSED_FUNCTION = YES;
				GCC_WARN_UNUSED_VARIABLE = YES;
				INFOPLIST_FILE = "GameEngineTests/GameEngineTests-Info.plist";
				IPHONEOS_DEPLOYMENT_TARGET = 7.0;
				ONLY_ACTIVE_ARCH = YES;
				PRODUCT_NAME = "$(TARGET_NAME)";
				SDKROOT = iphoneos;
				TEST_HOST = "$(BUNDLE_LOADER)";
				WRAPPER_EXTENSION = xctest;
			};
			name = Debug;
		};
		B1C9864B18A9140B00B9BF50 /* Release */ = {
			isa = XCBuildConfiguration;
			buildSettings = {
				ALWAYS_SEARCH_USER_PATHS = NO;
				ARCHS = "$(ARCHS_STANDARD_INCLUDING_64_BIT)";
				BUNDLE_LOADER = "$(BUILT_PRODUCTS_DIR)/GameEngine.app/GameEngine";
				CLANG_CXX_LANGUAGE_STANDARD = "gnu++0x";
				CLANG_CXX_LIBRARY = "libc++";
				CLANG_ENABLE_MODULES = YES;
				CLANG_ENABLE_OBJC_ARC = YES;
				CLANG_WARN_BOOL_CONVERSION = YES;
				CLANG_WARN_CONSTANT_CONVERSION = YES;
				CLANG_WARN_DIRECT_OBJC_ISA_USAGE = YES_ERROR;
				CLANG_WARN_EMPTY_BODY = YES;
				CLANG_WARN_ENUM_CONVERSION = YES;
				CLANG_WARN_INT_CONVERSION = YES;
				CLANG_WARN_OBJC_ROOT_CLASS = YES_ERROR;
				CLANG_WARN__DUPLICATE_METHOD_MATCH = YES;
				COPY_PHASE_STRIP = YES;
				ENABLE_NS_ASSERTIONS = NO;
				FRAMEWORK_SEARCH_PATHS = (
					"$(SDKROOT)/Developer/Library/Frameworks",
					"$(inherited)",
					"$(DEVELOPER_FRAMEWORKS_DIR)",
				);
				GCC_C_LANGUAGE_STANDARD = gnu99;
				GCC_PRECOMPILE_PREFIX_HEADER = YES;
				GCC_PREFIX_HEADER = "GameEngine/GameEngine-Prefix.pch";
				GCC_WARN_64_TO_32_BIT_CONVERSION = YES;
				GCC_WARN_ABOUT_RETURN_TYPE = YES_ERROR;
				GCC_WARN_UNDECLARED_SELECTOR = YES;
				GCC_WARN_UNINITIALIZED_AUTOS = YES;
				GCC_WARN_UNUSED_FUNCTION = YES;
				GCC_WARN_UNUSED_VARIABLE = YES;
				INFOPLIST_FILE = "GameEngineTests/GameEngineTests-Info.plist";
				IPHONEOS_DEPLOYMENT_TARGET = 7.0;
				PRODUCT_NAME = "$(TARGET_NAME)";
				SDKROOT = iphoneos;
				TEST_HOST = "$(BUNDLE_LOADER)";
				VALIDATE_PRODUCT = YES;
				WRAPPER_EXTENSION = xctest;
			};
			name = Release;
		};
/* End XCBuildConfiguration section */

/* Begin XCConfigurationList section */
		06722742187F9DF600F69DB4 /* Build configuration list for PBXProject "Bubble Blast Saga" */ = {
			isa = XCConfigurationList;
			buildConfigurations = (
				06722743187F9DF600F69DB4 /* Debug */,
				06722744187F9DF600F69DB4 /* Release */,
			);
			defaultConfigurationIsVisible = 0;
			defaultConfigurationName = Release;
		};
		B1C9864C18A9140B00B9BF50 /* Build configuration list for PBXNativeTarget "GameEngine" */ = {
			isa = XCConfigurationList;
			buildConfigurations = (
				B1C9864818A9140B00B9BF50 /* Debug */,
				B1C9864918A9140B00B9BF50 /* Release */,
			);
			defaultConfigurationIsVisible = 0;
			defaultConfigurationName = Release;
		};
		B1C9864D18A9140B00B9BF50 /* Build configuration list for PBXNativeTarget "GameEngineTests" */ = {
			isa = XCConfigurationList;
			buildConfigurations = (
				B1C9864A18A9140B00B9BF50 /* Debug */,
				B1C9864B18A9140B00B9BF50 /* Release */,
			);
			defaultConfigurationIsVisible = 0;
			defaultConfigurationName = Release;
		};
/* End XCConfigurationList section */
	};
	rootObject = 0672273F187F9DF600F69DB4 /* Project object */;
}
